
Microsoft Visual Studio Solution File, Format Version 12.00
# Visual Studio Version 16
VisualStudioVersion = 16.0.31702.278
MinimumVisualStudioVersion = 10.0.40219.1
Project("{FAE04EC0-301F-11D3-BF4B-00C04F79EFBC}") = "task1", "task1\task1.csproj", "{022139C3-484C-4B58-9D75-36AEC60866A0}"
EndProject
Global
	GlobalSection(SolutionConfigurationPlatforms) = preSolution
		Debug|Any CPU = Debug|Any CPU
		Release|Any CPU = Release|Any CPU
	EndGlobalSection
	GlobalSection(ProjectConfigurationPlatforms) = postSolution
		{022139C3-484C-4B58-9D75-36AEC60866A0}.Debug|Any CPU.ActiveCfg = Debug|Any CPU
		{022139C3-484C-4B58-9D75-36AEC60866A0}.Debug|Any CPU.Build.0 = Debug|Any CPU
		{022139C3-484C-4B58-9D75-36AEC60866A0}.Release|Any CPU.ActiveCfg = Release|Any CPU
		{022139C3-484C-4B58-9D75-36AEC60866A0}.Release|Any CPU.Build.0 = Release|Any CPU
	EndGlobalSection
	GlobalSection(SolutionProperties) = preSolution
		HideSolutionNode = FALSE
	EndGlobalSection
	GlobalSection(ExtensibilityGlobals) = postSolution
		SolutionGuid = {6A58E935-AFAA-4B7F-9006-301DB89409D3}
	EndGlobalSection
EndGlobal
